// !$*UTF8*$!
{
	archiveVersion = 1;
	classes = {
	};
	objectVersion = 77;
	objects = {

/* Begin PBXBuildFile section */
		C910A0CF2CCC515C00F77EA4 /* HeroDetailController.swift in Sources */ = {isa = PBXBuildFile; fileRef = C910A0CD2CCC515C00F77EA4 /* HeroDetailController.swift */; };
		C910A0D02CCC515C00F77EA4 /* HeroDetailController.xib in Resources */ = {isa = PBXBuildFile; fileRef = C910A0CE2CCC515C00F77EA4 /* HeroDetailController.xib */; };
		C910A0D22CCC535300F77EA4 /* HeroDetailUseCase.swift in Sources */ = {isa = PBXBuildFile; fileRef = C910A0D12CCC535300F77EA4 /* HeroDetailUseCase.swift */; };
		C910A0D42CCC542C00F77EA4 /* Location.swift in Sources */ = {isa = PBXBuildFile; fileRef = C910A0D32CCC542C00F77EA4 /* Location.swift */; };
		C9711EC42CC9683500FB479D /* Model.xcdatamodeld in Sources */ = {isa = PBXBuildFile; fileRef = C9711E8D2CC9683500FB479D /* Model.xcdatamodeld */; };
		C9711ED22CC9683500FB479D /* Credentials.swift in Sources */ = {isa = PBXBuildFile; fileRef = C9711EA02CC9683500FB479D /* Credentials.swift */; };
		C9711ED32CC9683500FB479D /* Hero.swift in Sources */ = {isa = PBXBuildFile; fileRef = C9711EA12CC9683500FB479D /* Hero.swift */; };
		C9711ED62CC9683500FB479D /* HeroCollectionViewCell.swift in Sources */ = {isa = PBXBuildFile; fileRef = C9711EA72CC9683500FB479D /* HeroCollectionViewCell.swift */; };
		C9711ED72CC9683500FB479D /* HeroesListBuilder.swift in Sources */ = {isa = PBXBuildFile; fileRef = C9711EAA2CC9683500FB479D /* HeroesListBuilder.swift */; };
		C9711ED82CC9683500FB479D /* HeroesListViewController.swift in Sources */ = {isa = PBXBuildFile; fileRef = C9711EAB2CC9683500FB479D /* HeroesListViewController.swift */; };
		C9711ED92CC9683500FB479D /* HeroesListViewModel.swift in Sources */ = {isa = PBXBuildFile; fileRef = C9711EAD2CC9683500FB479D /* HeroesListViewModel.swift */; };
		C9711EDA2CC9683500FB479D /* LoginBuilder.swift in Sources */ = {isa = PBXBuildFile; fileRef = C9711EAF2CC9683500FB479D /* LoginBuilder.swift */; };
		C9711EDB2CC9683500FB479D /* LoginViewController.swift in Sources */ = {isa = PBXBuildFile; fileRef = C9711EB02CC9683500FB479D /* LoginViewController.swift */; };
		C9711EDC2CC9683500FB479D /* LoginViewModel.swift in Sources */ = {isa = PBXBuildFile; fileRef = C9711EB22CC9683500FB479D /* LoginViewModel.swift */; };
		C9711EDD2CC9683500FB479D /* SplashBuilder.swift in Sources */ = {isa = PBXBuildFile; fileRef = C9711EB42CC9683500FB479D /* SplashBuilder.swift */; };
		C9711EDE2CC9683500FB479D /* SplashViewController.swift in Sources */ = {isa = PBXBuildFile; fileRef = C9711EB52CC9683500FB479D /* SplashViewController.swift */; };
		C9711EDF2CC9683500FB479D /* SplashViewModel.swift in Sources */ = {isa = PBXBuildFile; fileRef = C9711EB72CC9683500FB479D /* SplashViewModel.swift */; };
		C9711EE02CC9683500FB479D /* Binding.swift in Sources */ = {isa = PBXBuildFile; fileRef = C9711EB92CC9683500FB479D /* Binding.swift */; };
		C9711EE12CC9683500FB479D /* AppDelegate.swift in Sources */ = {isa = PBXBuildFile; fileRef = C9711EBB2CC9683500FB479D /* AppDelegate.swift */; };
		C9711EE22CC9683500FB479D /* SceneDelegate.swift in Sources */ = {isa = PBXBuildFile; fileRef = C9711EC02CC9683500FB479D /* SceneDelegate.swift */; };
		C9711EE32CC9683500FB479D /* HeroCollectionViewCell.xib in Resources */ = {isa = PBXBuildFile; fileRef = C9711EA82CC9683500FB479D /* HeroCollectionViewCell.xib */; };
		C9711EE42CC9683500FB479D /* HeroesListViewController.xib in Resources */ = {isa = PBXBuildFile; fileRef = C9711EAC2CC9683500FB479D /* HeroesListViewController.xib */; };
		C9711EE52CC9683500FB479D /* LoginViewController.xib in Resources */ = {isa = PBXBuildFile; fileRef = C9711EB12CC9683500FB479D /* LoginViewController.xib */; };
		C9711EE62CC9683500FB479D /* SplashViewController.xib in Resources */ = {isa = PBXBuildFile; fileRef = C9711EB62CC9683500FB479D /* SplashViewController.xib */; };
		C9711EE72CC9683500FB479D /* Assets.xcassets in Resources */ = {isa = PBXBuildFile; fileRef = C9711EBC2CC9683500FB479D /* Assets.xcassets */; };
		C9711EE92CC9683500FB479D /* LaunchScreen.storyboard in Resources */ = {isa = PBXBuildFile; fileRef = C9711EBF2CC9683500FB479D /* LaunchScreen.storyboard */; };
		C9711EF62CC96A6400FB479D /* MOHero+CoreDataClass.swift in Sources */ = {isa = PBXBuildFile; fileRef = C9711EEA2CC96A6400FB479D /* MOHero+CoreDataClass.swift */; };
		C9711EF82CC96A6400FB479D /* MOLocation+CoreDataClass.swift in Sources */ = {isa = PBXBuildFile; fileRef = C9711EEC2CC96A6400FB479D /* MOLocation+CoreDataClass.swift */; };
		C9711EFA2CC96A6400FB479D /* MOTransformation+CoreDataClass.swift in Sources */ = {isa = PBXBuildFile; fileRef = C9711EEE2CC96A6400FB479D /* MOTransformation+CoreDataClass.swift */; };
		C9711EFE2CC9907800FB479D /* ApiHero.swift in Sources */ = {isa = PBXBuildFile; fileRef = C9711EFD2CC9907800FB479D /* ApiHero.swift */; };
		C9711F002CC990E300FB479D /* ApiLocation.swift in Sources */ = {isa = PBXBuildFile; fileRef = C9711EFF2CC990E300FB479D /* ApiLocation.swift */; };
		C9711F022CC994F300FB479D /* ApiTransformation.swift in Sources */ = {isa = PBXBuildFile; fileRef = C9711F012CC994F300FB479D /* ApiTransformation.swift */; };
		C9711F052CC995F800FB479D /* StoreDataProvider.swift in Sources */ = {isa = PBXBuildFile; fileRef = C9711F032CC995F800FB479D /* StoreDataProvider.swift */; };
		C9711F072CC99F6D00FB479D /* ApiProvider.swift in Sources */ = {isa = PBXBuildFile; fileRef = C9711F062CC99F6D00FB479D /* ApiProvider.swift */; };
		C995B4602CCC29370022976E /* LoginReponse.swift in Sources */ = {isa = PBXBuildFile; fileRef = C995B45F2CCC29370022976E /* LoginReponse.swift */; };
		C9C34F172CCA920D00CA1E2D /* GAError.swift in Sources */ = {isa = PBXBuildFile; fileRef = C9C34F162CCA920D00CA1E2D /* GAError.swift */; };
		C9C34F192CCA922600CA1E2D /* GAEndpoint.swift in Sources */ = {isa = PBXBuildFile; fileRef = C9C34F182CCA922600CA1E2D /* GAEndpoint.swift */; };
		C9C34F1B2CCA925500CA1E2D /* GARequestBuilder.swift in Sources */ = {isa = PBXBuildFile; fileRef = C9C34F1A2CCA925500CA1E2D /* GARequestBuilder.swift */; };
		C9C34F1D2CCA954200CA1E2D /* HeroUseCase.swift in Sources */ = {isa = PBXBuildFile; fileRef = C9C34F1C2CCA954200CA1E2D /* HeroUseCase.swift */; };
		C9C34FAA2CCAF9A100CA1E2D /* SecureDataStore.swift in Sources */ = {isa = PBXBuildFile; fileRef = C9C34FA92CCAF9A100CA1E2D /* SecureDataStore.swift */; };
		C9C34FB02CCB322900CA1E2D /* LoginUseCase.swift in Sources */ = {isa = PBXBuildFile; fileRef = C9C34FAF2CCB322900CA1E2D /* LoginUseCase.swift */; };
		C9ECA01F2CC8319B00D823BC /* KeychainSwift in Frameworks */ = {isa = PBXBuildFile; productRef = C9ECA01E2CC8319B00D823BC /* KeychainSwift */; };
/* End PBXBuildFile section */

/* Begin PBXContainerItemProxy section */
		C9B602EC2CC427410039E6CE /* PBXContainerItemProxy */ = {
			isa = PBXContainerItemProxy;
			containerPortal = C9B602CD2CC427400039E6CE /* Project object */;
			proxyType = 1;
			remoteGlobalIDString = C9B602D42CC427400039E6CE;
			remoteInfo = "iOS-Avanzado-Dbz";
		};
		C9B602F62CC427410039E6CE /* PBXContainerItemProxy */ = {
			isa = PBXContainerItemProxy;
			containerPortal = C9B602CD2CC427400039E6CE /* Project object */;
			proxyType = 1;
			remoteGlobalIDString = C9B602D42CC427400039E6CE;
			remoteInfo = "iOS-Avanzado-Dbz";
		};
/* End PBXContainerItemProxy section */

/* Begin PBXFileReference section */
		C910A0CD2CCC515C00F77EA4 /* HeroDetailController.swift */ = {isa = PBXFileReference; lastKnownFileType = sourcecode.swift; path = HeroDetailController.swift; sourceTree = "<group>"; };
		C910A0CE2CCC515C00F77EA4 /* HeroDetailController.xib */ = {isa = PBXFileReference; lastKnownFileType = file.xib; path = HeroDetailController.xib; sourceTree = "<group>"; };
		C910A0D12CCC535300F77EA4 /* HeroDetailUseCase.swift */ = {isa = PBXFileReference; lastKnownFileType = sourcecode.swift; path = HeroDetailUseCase.swift; sourceTree = "<group>"; };
		C910A0D32CCC542C00F77EA4 /* Location.swift */ = {isa = PBXFileReference; lastKnownFileType = sourcecode.swift; path = Location.swift; sourceTree = "<group>"; };
		C9711EA02CC9683500FB479D /* Credentials.swift */ = {isa = PBXFileReference; lastKnownFileType = sourcecode.swift; path = Credentials.swift; sourceTree = "<group>"; };
		C9711EA12CC9683500FB479D /* Hero.swift */ = {isa = PBXFileReference; lastKnownFileType = sourcecode.swift; path = Hero.swift; sourceTree = "<group>"; };
		C9711EA72CC9683500FB479D /* HeroCollectionViewCell.swift */ = {isa = PBXFileReference; lastKnownFileType = sourcecode.swift; path = HeroCollectionViewCell.swift; sourceTree = "<group>"; };
		C9711EA82CC9683500FB479D /* HeroCollectionViewCell.xib */ = {isa = PBXFileReference; lastKnownFileType = file.xib; path = HeroCollectionViewCell.xib; sourceTree = "<group>"; };
		C9711EAA2CC9683500FB479D /* HeroesListBuilder.swift */ = {isa = PBXFileReference; lastKnownFileType = sourcecode.swift; path = HeroesListBuilder.swift; sourceTree = "<group>"; };
		C9711EAB2CC9683500FB479D /* HeroesListViewController.swift */ = {isa = PBXFileReference; lastKnownFileType = sourcecode.swift; path = HeroesListViewController.swift; sourceTree = "<group>"; };
		C9711EAC2CC9683500FB479D /* HeroesListViewController.xib */ = {isa = PBXFileReference; lastKnownFileType = file.xib; path = HeroesListViewController.xib; sourceTree = "<group>"; };
		C9711EAD2CC9683500FB479D /* HeroesListViewModel.swift */ = {isa = PBXFileReference; lastKnownFileType = sourcecode.swift; path = HeroesListViewModel.swift; sourceTree = "<group>"; };
		C9711EAF2CC9683500FB479D /* LoginBuilder.swift */ = {isa = PBXFileReference; lastKnownFileType = sourcecode.swift; path = LoginBuilder.swift; sourceTree = "<group>"; };
		C9711EB02CC9683500FB479D /* LoginViewController.swift */ = {isa = PBXFileReference; lastKnownFileType = sourcecode.swift; path = LoginViewController.swift; sourceTree = "<group>"; };
		C9711EB12CC9683500FB479D /* LoginViewController.xib */ = {isa = PBXFileReference; lastKnownFileType = file.xib; path = LoginViewController.xib; sourceTree = "<group>"; };
		C9711EB22CC9683500FB479D /* LoginViewModel.swift */ = {isa = PBXFileReference; lastKnownFileType = sourcecode.swift; path = LoginViewModel.swift; sourceTree = "<group>"; };
		C9711EB42CC9683500FB479D /* SplashBuilder.swift */ = {isa = PBXFileReference; lastKnownFileType = sourcecode.swift; path = SplashBuilder.swift; sourceTree = "<group>"; };
		C9711EB52CC9683500FB479D /* SplashViewController.swift */ = {isa = PBXFileReference; lastKnownFileType = sourcecode.swift; path = SplashViewController.swift; sourceTree = "<group>"; };
		C9711EB62CC9683500FB479D /* SplashViewController.xib */ = {isa = PBXFileReference; lastKnownFileType = file.xib; path = SplashViewController.xib; sourceTree = "<group>"; };
		C9711EB72CC9683500FB479D /* SplashViewModel.swift */ = {isa = PBXFileReference; lastKnownFileType = sourcecode.swift; path = SplashViewModel.swift; sourceTree = "<group>"; };
		C9711EB92CC9683500FB479D /* Binding.swift */ = {isa = PBXFileReference; lastKnownFileType = sourcecode.swift; path = Binding.swift; sourceTree = "<group>"; };
		C9711EBB2CC9683500FB479D /* AppDelegate.swift */ = {isa = PBXFileReference; lastKnownFileType = sourcecode.swift; path = AppDelegate.swift; sourceTree = "<group>"; };
		C9711EBC2CC9683500FB479D /* Assets.xcassets */ = {isa = PBXFileReference; lastKnownFileType = folder.assetcatalog; path = Assets.xcassets; sourceTree = "<group>"; };
		C9711EBD2CC9683500FB479D /* Info.plist */ = {isa = PBXFileReference; lastKnownFileType = text.plist.xml; path = Info.plist; sourceTree = "<group>"; };
		C9711EBE2CC9683500FB479D /* Base */ = {isa = PBXFileReference; lastKnownFileType = file.storyboard; name = Base; path = Base.lproj/LaunchScreen.storyboard; sourceTree = "<group>"; };
		C9711EC02CC9683500FB479D /* SceneDelegate.swift */ = {isa = PBXFileReference; lastKnownFileType = sourcecode.swift; path = SceneDelegate.swift; sourceTree = "<group>"; };
		C9711EC32CC9683500FB479D /* Model.xcdatamodel */ = {isa = PBXFileReference; lastKnownFileType = wrapper.xcdatamodel; path = Model.xcdatamodel; sourceTree = "<group>"; };
		C9711EEA2CC96A6400FB479D /* MOHero+CoreDataClass.swift */ = {isa = PBXFileReference; lastKnownFileType = sourcecode.swift; path = "MOHero+CoreDataClass.swift"; sourceTree = "<group>"; };
		C9711EEC2CC96A6400FB479D /* MOLocation+CoreDataClass.swift */ = {isa = PBXFileReference; lastKnownFileType = sourcecode.swift; path = "MOLocation+CoreDataClass.swift"; sourceTree = "<group>"; };
		C9711EEE2CC96A6400FB479D /* MOTransformation+CoreDataClass.swift */ = {isa = PBXFileReference; lastKnownFileType = sourcecode.swift; path = "MOTransformation+CoreDataClass.swift"; sourceTree = "<group>"; };
		C9711EFD2CC9907800FB479D /* ApiHero.swift */ = {isa = PBXFileReference; lastKnownFileType = sourcecode.swift; path = ApiHero.swift; sourceTree = "<group>"; };
		C9711EFF2CC990E300FB479D /* ApiLocation.swift */ = {isa = PBXFileReference; lastKnownFileType = sourcecode.swift; path = ApiLocation.swift; sourceTree = "<group>"; };
		C9711F012CC994F300FB479D /* ApiTransformation.swift */ = {isa = PBXFileReference; lastKnownFileType = sourcecode.swift; path = ApiTransformation.swift; sourceTree = "<group>"; };
		C9711F032CC995F800FB479D /* StoreDataProvider.swift */ = {isa = PBXFileReference; lastKnownFileType = sourcecode.swift; path = StoreDataProvider.swift; sourceTree = "<group>"; };
		C9711F062CC99F6D00FB479D /* ApiProvider.swift */ = {isa = PBXFileReference; lastKnownFileType = sourcecode.swift; path = ApiProvider.swift; sourceTree = "<group>"; };
		C995B45F2CCC29370022976E /* LoginReponse.swift */ = {isa = PBXFileReference; lastKnownFileType = sourcecode.swift; path = LoginReponse.swift; sourceTree = "<group>"; };
		C9B602D52CC427400039E6CE /* iOS-Avanzado-Dbz.app */ = {isa = PBXFileReference; explicitFileType = wrapper.application; includeInIndex = 0; path = "iOS-Avanzado-Dbz.app"; sourceTree = BUILT_PRODUCTS_DIR; };
		C9B602EB2CC427410039E6CE /* iOS-Avanzado-DbzTests.xctest */ = {isa = PBXFileReference; explicitFileType = wrapper.cfbundle; includeInIndex = 0; path = "iOS-Avanzado-DbzTests.xctest"; sourceTree = BUILT_PRODUCTS_DIR; };
		C9B602F52CC427410039E6CE /* iOS-Avanzado-DbzUITests.xctest */ = {isa = PBXFileReference; explicitFileType = wrapper.cfbundle; includeInIndex = 0; path = "iOS-Avanzado-DbzUITests.xctest"; sourceTree = BUILT_PRODUCTS_DIR; };
		C9C34F162CCA920D00CA1E2D /* GAError.swift */ = {isa = PBXFileReference; lastKnownFileType = sourcecode.swift; path = GAError.swift; sourceTree = "<group>"; };
		C9C34F182CCA922600CA1E2D /* GAEndpoint.swift */ = {isa = PBXFileReference; lastKnownFileType = sourcecode.swift; path = GAEndpoint.swift; sourceTree = "<group>"; };
		C9C34F1A2CCA925500CA1E2D /* GARequestBuilder.swift */ = {isa = PBXFileReference; lastKnownFileType = sourcecode.swift; path = GARequestBuilder.swift; sourceTree = "<group>"; };
		C9C34F1C2CCA954200CA1E2D /* HeroUseCase.swift */ = {isa = PBXFileReference; lastKnownFileType = sourcecode.swift; path = HeroUseCase.swift; sourceTree = "<group>"; };
		C9C34FA62CCADC2700CA1E2D /* Model 2.xcdatamodel */ = {isa = PBXFileReference; lastKnownFileType = wrapper.xcdatamodel; path = "Model 2.xcdatamodel"; sourceTree = "<group>"; };
		C9C34FA92CCAF9A100CA1E2D /* SecureDataStore.swift */ = {isa = PBXFileReference; lastKnownFileType = sourcecode.swift; path = SecureDataStore.swift; sourceTree = "<group>"; };
		C9C34FAF2CCB322900CA1E2D /* LoginUseCase.swift */ = {isa = PBXFileReference; lastKnownFileType = sourcecode.swift; path = LoginUseCase.swift; sourceTree = "<group>"; };
/* End PBXFileReference section */

/* Begin PBXFileSystemSynchronizedRootGroup section */
		C9B602EE2CC427410039E6CE /* iOS-Avanzado-DbzTests */ = {
			isa = PBXFileSystemSynchronizedRootGroup;
			path = "iOS-Avanzado-DbzTests";
			sourceTree = "<group>";
		};
		C9B602F82CC427410039E6CE /* iOS-Avanzado-DbzUITests */ = {
			isa = PBXFileSystemSynchronizedRootGroup;
			path = "iOS-Avanzado-DbzUITests";
			sourceTree = "<group>";
		};
		C9C34FA12CCACE4C00CA1E2D /* CustomViews */ = {
			isa = PBXFileSystemSynchronizedRootGroup;
			path = CustomViews;
			sourceTree = "<group>";
		};
/* End PBXFileSystemSynchronizedRootGroup section */

/* Begin PBXFrameworksBuildPhase section */
		C9B602D22CC427400039E6CE /* Frameworks */ = {
			isa = PBXFrameworksBuildPhase;
			buildActionMask = 2147483647;
			files = (
				C9ECA01F2CC8319B00D823BC /* KeychainSwift in Frameworks */,
			);
			runOnlyForDeploymentPostprocessing = 0;
		};
		C9B602E82CC427410039E6CE /* Frameworks */ = {
			isa = PBXFrameworksBuildPhase;
			buildActionMask = 2147483647;
			files = (
			);
			runOnlyForDeploymentPostprocessing = 0;
		};
		C9B602F22CC427410039E6CE /* Frameworks */ = {
			isa = PBXFrameworksBuildPhase;
			buildActionMask = 2147483647;
			files = (
			);
			runOnlyForDeploymentPostprocessing = 0;
		};
/* End PBXFrameworksBuildPhase section */

/* Begin PBXGroup section */
		C910A0CC2CCC512500F77EA4 /* HeroDetail */ = {
			isa = PBXGroup;
			children = (
				C910A0CD2CCC515C00F77EA4 /* HeroDetailController.swift */,
				C910A0CE2CCC515C00F77EA4 /* HeroDetailController.xib */,
			);
			path = HeroDetail;
			sourceTree = "<group>";
		};
		C9711E942CC9683500FB479D /* CoreData */ = {
			isa = PBXGroup;
			children = (
				C9711EEA2CC96A6400FB479D /* MOHero+CoreDataClass.swift */,
				C9711EEC2CC96A6400FB479D /* MOLocation+CoreDataClass.swift */,
				C9711EEE2CC96A6400FB479D /* MOTransformation+CoreDataClass.swift */,
				C9711E8D2CC9683500FB479D /* Model.xcdatamodeld */,
				C9711F032CC995F800FB479D /* StoreDataProvider.swift */,
			);
			path = CoreData;
			sourceTree = "<group>";
		};
		C9711E962CC9683500FB479D /* DataSources */ = {
			isa = PBXGroup;
			children = (
				C9C34FA92CCAF9A100CA1E2D /* SecureDataStore.swift */,
			);
			path = DataSources;
			sourceTree = "<group>";
		};
		C9711E9B2CC9683500FB479D /* Networking */ = {
			isa = PBXGroup;
			children = (
				C9C34F162CCA920D00CA1E2D /* GAError.swift */,
				C9C34F1A2CCA925500CA1E2D /* GARequestBuilder.swift */,
				C9C34F182CCA922600CA1E2D /* GAEndpoint.swift */,
				C9711F062CC99F6D00FB479D /* ApiProvider.swift */,
			);
			path = Networking;
			sourceTree = "<group>";
		};
		C9711E9E2CC9683500FB479D /* Request */ = {
			isa = PBXGroup;
			children = (
			);
			path = Request;
			sourceTree = "<group>";
		};
		C9711E9F2CC9683500FB479D /* Data */ = {
			isa = PBXGroup;
			children = (
				C9711EFC2CC9905400FB479D /* ApiModel */,
				C9711E942CC9683500FB479D /* CoreData */,
				C9711E962CC9683500FB479D /* DataSources */,
				C9711E9B2CC9683500FB479D /* Networking */,
				C9711E9E2CC9683500FB479D /* Request */,
			);
			path = Data;
			sourceTree = "<group>";
		};
		C9711EA22CC9683500FB479D /* Models */ = {
			isa = PBXGroup;
			children = (
				C9711EA02CC9683500FB479D /* Credentials.swift */,
				C9711EA12CC9683500FB479D /* Hero.swift */,
				C995B45F2CCC29370022976E /* LoginReponse.swift */,
				C910A0D32CCC542C00F77EA4 /* Location.swift */,
			);
			path = Models;
			sourceTree = "<group>";
		};
		C9711EA52CC9683500FB479D /* UseCases */ = {
			isa = PBXGroup;
			children = (
				C910A0D12CCC535300F77EA4 /* HeroDetailUseCase.swift */,
				C9C34F1C2CCA954200CA1E2D /* HeroUseCase.swift */,
				C9C34FAF2CCB322900CA1E2D /* LoginUseCase.swift */,
			);
			path = UseCases;
			sourceTree = "<group>";
		};
		C9711EA62CC9683500FB479D /* Domain */ = {
			isa = PBXGroup;
			children = (
				C9711EA22CC9683500FB479D /* Models */,
				C9711EA52CC9683500FB479D /* UseCases */,
			);
			path = Domain;
			sourceTree = "<group>";
		};
		C9711EA92CC9683500FB479D /* Cell */ = {
			isa = PBXGroup;
			children = (
				C9711EA72CC9683500FB479D /* HeroCollectionViewCell.swift */,
				C9711EA82CC9683500FB479D /* HeroCollectionViewCell.xib */,
			);
			path = Cell;
			sourceTree = "<group>";
		};
		C9711EAE2CC9683500FB479D /* HeroesList */ = {
			isa = PBXGroup;
			children = (
				C9711EA92CC9683500FB479D /* Cell */,
				C9711EAA2CC9683500FB479D /* HeroesListBuilder.swift */,
				C9711EAB2CC9683500FB479D /* HeroesListViewController.swift */,
				C9711EAC2CC9683500FB479D /* HeroesListViewController.xib */,
				C9711EAD2CC9683500FB479D /* HeroesListViewModel.swift */,
			);
			path = HeroesList;
			sourceTree = "<group>";
		};
		C9711EB32CC9683500FB479D /* Login */ = {
			isa = PBXGroup;
			children = (
				C9711EAF2CC9683500FB479D /* LoginBuilder.swift */,
				C9711EB02CC9683500FB479D /* LoginViewController.swift */,
				C9711EB12CC9683500FB479D /* LoginViewController.xib */,
				C9711EB22CC9683500FB479D /* LoginViewModel.swift */,
			);
			path = Login;
			sourceTree = "<group>";
		};
		C9711EB82CC9683500FB479D /* Splash */ = {
			isa = PBXGroup;
			children = (
				C9711EB42CC9683500FB479D /* SplashBuilder.swift */,
				C9711EB52CC9683500FB479D /* SplashViewController.swift */,
				C9711EB62CC9683500FB479D /* SplashViewController.xib */,
				C9711EB72CC9683500FB479D /* SplashViewModel.swift */,
			);
			path = Splash;
			sourceTree = "<group>";
		};
		C9711EBA2CC9683500FB479D /* Presentation */ = {
			isa = PBXGroup;
			children = (
				C9C34FA12CCACE4C00CA1E2D /* CustomViews */,
				C910A0CC2CCC512500F77EA4 /* HeroDetail */,
				C9711EAE2CC9683500FB479D /* HeroesList */,
				C9711EB32CC9683500FB479D /* Login */,
				C9711EB82CC9683500FB479D /* Splash */,
				C9711EB92CC9683500FB479D /* Binding.swift */,
			);
			path = Presentation;
			sourceTree = "<group>";
		};
		C9711EC12CC9683500FB479D /* Supporting Files */ = {
			isa = PBXGroup;
			children = (
				C9711EBB2CC9683500FB479D /* AppDelegate.swift */,
				C9711EBC2CC9683500FB479D /* Assets.xcassets */,
				C9711EBD2CC9683500FB479D /* Info.plist */,
				C9711EBF2CC9683500FB479D /* LaunchScreen.storyboard */,
				C9711EC02CC9683500FB479D /* SceneDelegate.swift */,
			);
			path = "Supporting Files";
			sourceTree = "<group>";
		};
		C9711EC22CC9683500FB479D /* iOS-Avanzado-Dbz */ = {
			isa = PBXGroup;
			children = (
				C9711E9F2CC9683500FB479D /* Data */,
				C9711EA62CC9683500FB479D /* Domain */,
				C9711EBA2CC9683500FB479D /* Presentation */,
				C9711EC12CC9683500FB479D /* Supporting Files */,
			);
			path = "iOS-Avanzado-Dbz";
			sourceTree = "<group>";
		};
		C9711EFC2CC9905400FB479D /* ApiModel */ = {
			isa = PBXGroup;
			children = (
				C9711EFD2CC9907800FB479D /* ApiHero.swift */,
				C9711EFF2CC990E300FB479D /* ApiLocation.swift */,
				C9711F012CC994F300FB479D /* ApiTransformation.swift */,
			);
			path = ApiModel;
			sourceTree = "<group>";
		};
		C9B602CC2CC427400039E6CE = {
			isa = PBXGroup;
			children = (
				C9711EC22CC9683500FB479D /* iOS-Avanzado-Dbz */,
				C9B602EE2CC427410039E6CE /* iOS-Avanzado-DbzTests */,
				C9B602F82CC427410039E6CE /* iOS-Avanzado-DbzUITests */,
				C9B602D62CC427400039E6CE /* Products */,
			);
			sourceTree = "<group>";
		};
		C9B602D62CC427400039E6CE /* Products */ = {
			isa = PBXGroup;
			children = (
				C9B602D52CC427400039E6CE /* iOS-Avanzado-Dbz.app */,
				C9B602EB2CC427410039E6CE /* iOS-Avanzado-DbzTests.xctest */,
				C9B602F52CC427410039E6CE /* iOS-Avanzado-DbzUITests.xctest */,
			);
			name = Products;
			sourceTree = "<group>";
		};
/* End PBXGroup section */

/* Begin PBXNativeTarget section */
		C9B602D42CC427400039E6CE /* iOS-Avanzado-Dbz */ = {
			isa = PBXNativeTarget;
			buildConfigurationList = C9B602FE2CC427410039E6CE /* Build configuration list for PBXNativeTarget "iOS-Avanzado-Dbz" */;
			buildPhases = (
				C9B602D12CC427400039E6CE /* Sources */,
				C9B602D22CC427400039E6CE /* Frameworks */,
				C9B602D32CC427400039E6CE /* Resources */,
			);
			buildRules = (
			);
			dependencies = (
			);
			fileSystemSynchronizedGroups = (
				C9C34FA12CCACE4C00CA1E2D /* CustomViews */,
			);
			name = "iOS-Avanzado-Dbz";
			packageProductDependencies = (
				C9ECA01E2CC8319B00D823BC /* KeychainSwift */,
			);
			productName = "iOS-Avanzado-Dbz";
			productReference = C9B602D52CC427400039E6CE /* iOS-Avanzado-Dbz.app */;
			productType = "com.apple.product-type.application";
		};
		C9B602EA2CC427410039E6CE /* iOS-Avanzado-DbzTests */ = {
			isa = PBXNativeTarget;
			buildConfigurationList = C9B603032CC427410039E6CE /* Build configuration list for PBXNativeTarget "iOS-Avanzado-DbzTests" */;
			buildPhases = (
				C9B602E72CC427410039E6CE /* Sources */,
				C9B602E82CC427410039E6CE /* Frameworks */,
				C9B602E92CC427410039E6CE /* Resources */,
			);
			buildRules = (
			);
			dependencies = (
				C9B602ED2CC427410039E6CE /* PBXTargetDependency */,
			);
			fileSystemSynchronizedGroups = (
				C9B602EE2CC427410039E6CE /* iOS-Avanzado-DbzTests */,
			);
			name = "iOS-Avanzado-DbzTests";
			packageProductDependencies = (
			);
			productName = "iOS-Avanzado-DbzTests";
			productReference = C9B602EB2CC427410039E6CE /* iOS-Avanzado-DbzTests.xctest */;
			productType = "com.apple.product-type.bundle.unit-test";
		};
		C9B602F42CC427410039E6CE /* iOS-Avanzado-DbzUITests */ = {
			isa = PBXNativeTarget;
			buildConfigurationList = C9B603062CC427410039E6CE /* Build configuration list for PBXNativeTarget "iOS-Avanzado-DbzUITests" */;
			buildPhases = (
				C9B602F12CC427410039E6CE /* Sources */,
				C9B602F22CC427410039E6CE /* Frameworks */,
				C9B602F32CC427410039E6CE /* Resources */,
			);
			buildRules = (
			);
			dependencies = (
				C9B602F72CC427410039E6CE /* PBXTargetDependency */,
			);
			fileSystemSynchronizedGroups = (
				C9B602F82CC427410039E6CE /* iOS-Avanzado-DbzUITests */,
			);
			name = "iOS-Avanzado-DbzUITests";
			packageProductDependencies = (
			);
			productName = "iOS-Avanzado-DbzUITests";
			productReference = C9B602F52CC427410039E6CE /* iOS-Avanzado-DbzUITests.xctest */;
			productType = "com.apple.product-type.bundle.ui-testing";
		};
/* End PBXNativeTarget section */

/* Begin PBXProject section */
		C9B602CD2CC427400039E6CE /* Project object */ = {
			isa = PBXProject;
			attributes = {
				BuildIndependentTargetsInParallel = 1;
				LastSwiftUpdateCheck = 1600;
				LastUpgradeCheck = 1600;
				TargetAttributes = {
					C9B602D42CC427400039E6CE = {
						CreatedOnToolsVersion = 16.0;
					};
					C9B602EA2CC427410039E6CE = {
						CreatedOnToolsVersion = 16.0;
						TestTargetID = C9B602D42CC427400039E6CE;
					};
					C9B602F42CC427410039E6CE = {
						CreatedOnToolsVersion = 16.0;
						TestTargetID = C9B602D42CC427400039E6CE;
					};
				};
			};
			buildConfigurationList = C9B602D02CC427400039E6CE /* Build configuration list for PBXProject "iOS-Avanzado-Dbz" */;
			developmentRegion = en;
			hasScannedForEncodings = 0;
			knownRegions = (
				en,
				Base,
			);
			mainGroup = C9B602CC2CC427400039E6CE;
			minimizedProjectReferenceProxies = 1;
			packageReferences = (
				C9ECA01D2CC8319B00D823BC /* XCRemoteSwiftPackageReference "keychain-swift" */,
			);
			preferredProjectObjectVersion = 77;
			productRefGroup = C9B602D62CC427400039E6CE /* Products */;
			projectDirPath = "";
			projectRoot = "";
			targets = (
				C9B602D42CC427400039E6CE /* iOS-Avanzado-Dbz */,
				C9B602EA2CC427410039E6CE /* iOS-Avanzado-DbzTests */,
				C9B602F42CC427410039E6CE /* iOS-Avanzado-DbzUITests */,
			);
		};
/* End PBXProject section */

/* Begin PBXResourcesBuildPhase section */
		C9B602D32CC427400039E6CE /* Resources */ = {
			isa = PBXResourcesBuildPhase;
			buildActionMask = 2147483647;
			files = (
				C9711EE32CC9683500FB479D /* HeroCollectionViewCell.xib in Resources */,
				C9711EE42CC9683500FB479D /* HeroesListViewController.xib in Resources */,
				C9711EE52CC9683500FB479D /* LoginViewController.xib in Resources */,
				C9711EE62CC9683500FB479D /* SplashViewController.xib in Resources */,
				C9711EE72CC9683500FB479D /* Assets.xcassets in Resources */,
				C910A0D02CCC515C00F77EA4 /* HeroDetailController.xib in Resources */,
				C9711EE92CC9683500FB479D /* LaunchScreen.storyboard in Resources */,
			);
			runOnlyForDeploymentPostprocessing = 0;
		};
		C9B602E92CC427410039E6CE /* Resources */ = {
			isa = PBXResourcesBuildPhase;
			buildActionMask = 2147483647;
			files = (
			);
			runOnlyForDeploymentPostprocessing = 0;
		};
		C9B602F32CC427410039E6CE /* Resources */ = {
			isa = PBXResourcesBuildPhase;
			buildActionMask = 2147483647;
			files = (
			);
			runOnlyForDeploymentPostprocessing = 0;
		};
/* End PBXResourcesBuildPhase section */

/* Begin PBXSourcesBuildPhase section */
		C9B602D12CC427400039E6CE /* Sources */ = {
			isa = PBXSourcesBuildPhase;
			buildActionMask = 2147483647;
			files = (
				C9711EC42CC9683500FB479D /* Model.xcdatamodeld in Sources */,
				C9C34FB02CCB322900CA1E2D /* LoginUseCase.swift in Sources */,
				C995B4602CCC29370022976E /* LoginReponse.swift in Sources */,
				C9711F022CC994F300FB479D /* ApiTransformation.swift in Sources */,
				C9711F052CC995F800FB479D /* StoreDataProvider.swift in Sources */,
				C9C34F192CCA922600CA1E2D /* GAEndpoint.swift in Sources */,
				C9711EFE2CC9907800FB479D /* ApiHero.swift in Sources */,
				C9711ED22CC9683500FB479D /* Credentials.swift in Sources */,
				C9C34FAA2CCAF9A100CA1E2D /* SecureDataStore.swift in Sources */,
				C9711ED32CC9683500FB479D /* Hero.swift in Sources */,
				C9711F002CC990E300FB479D /* ApiLocation.swift in Sources */,
				C9C34F172CCA920D00CA1E2D /* GAError.swift in Sources */,
				C9711EF62CC96A6400FB479D /* MOHero+CoreDataClass.swift in Sources */,
				C9711EF82CC96A6400FB479D /* MOLocation+CoreDataClass.swift in Sources */,
				C9711EFA2CC96A6400FB479D /* MOTransformation+CoreDataClass.swift in Sources */,
				C9711ED62CC9683500FB479D /* HeroCollectionViewCell.swift in Sources */,
				C9711ED72CC9683500FB479D /* HeroesListBuilder.swift in Sources */,
				C9711ED82CC9683500FB479D /* HeroesListViewController.swift in Sources */,
				C9711ED92CC9683500FB479D /* HeroesListViewModel.swift in Sources */,
				C9C34F1B2CCA925500CA1E2D /* GARequestBuilder.swift in Sources */,
				C9711EDA2CC9683500FB479D /* LoginBuilder.swift in Sources */,
				C910A0D22CCC535300F77EA4 /* HeroDetailUseCase.swift in Sources */,
				C9711EDB2CC9683500FB479D /* LoginViewController.swift in Sources */,
				C9C34F1D2CCA954200CA1E2D /* HeroUseCase.swift in Sources */,
				C9711EDC2CC9683500FB479D /* LoginViewModel.swift in Sources */,
				C9711EDD2CC9683500FB479D /* SplashBuilder.swift in Sources */,
				C910A0D42CCC542C00F77EA4 /* Location.swift in Sources */,
				C9711EDE2CC9683500FB479D /* SplashViewController.swift in Sources */,
				C9711EDF2CC9683500FB479D /* SplashViewModel.swift in Sources */,
				C9711EE02CC9683500FB479D /* Binding.swift in Sources */,
				C9711F072CC99F6D00FB479D /* ApiProvider.swift in Sources */,
				C9711EE12CC9683500FB479D /* AppDelegate.swift in Sources */,
				C9711EE22CC9683500FB479D /* SceneDelegate.swift in Sources */,
				C910A0CF2CCC515C00F77EA4 /* HeroDetailController.swift in Sources */,
			);
			runOnlyForDeploymentPostprocessing = 0;
		};
		C9B602E72CC427410039E6CE /* Sources */ = {
			isa = PBXSourcesBuildPhase;
			buildActionMask = 2147483647;
			files = (
			);
			runOnlyForDeploymentPostprocessing = 0;
		};
		C9B602F12CC427410039E6CE /* Sources */ = {
			isa = PBXSourcesBuildPhase;
			buildActionMask = 2147483647;
			files = (
			);
			runOnlyForDeploymentPostprocessing = 0;
		};
/* End PBXSourcesBuildPhase section */

/* Begin PBXTargetDependency section */
		C9B602ED2CC427410039E6CE /* PBXTargetDependency */ = {
			isa = PBXTargetDependency;
			target = C9B602D42CC427400039E6CE /* iOS-Avanzado-Dbz */;
			targetProxy = C9B602EC2CC427410039E6CE /* PBXContainerItemProxy */;
		};
		C9B602F72CC427410039E6CE /* PBXTargetDependency */ = {
			isa = PBXTargetDependency;
			target = C9B602D42CC427400039E6CE /* iOS-Avanzado-Dbz */;
			targetProxy = C9B602F62CC427410039E6CE /* PBXContainerItemProxy */;
		};
/* End PBXTargetDependency section */

/* Begin PBXVariantGroup section */
		C9711EBF2CC9683500FB479D /* LaunchScreen.storyboard */ = {
			isa = PBXVariantGroup;
			children = (
				C9711EBE2CC9683500FB479D /* Base */,
			);
			name = LaunchScreen.storyboard;
			sourceTree = "<group>";
		};
/* End PBXVariantGroup section */

/* Begin XCBuildConfiguration section */
		C9B602FF2CC427410039E6CE /* Debug */ = {
			isa = XCBuildConfiguration;
			buildSettings = {
				ASSETCATALOG_COMPILER_APPICON_NAME = AppIcon;
				ASSETCATALOG_COMPILER_GLOBAL_ACCENT_COLOR_NAME = AccentColor;
				CODE_SIGN_STYLE = Automatic;
				CURRENT_PROJECT_VERSION = 1;
				DEVELOPMENT_TEAM = F7BUD43D47;
				GENERATE_INFOPLIST_FILE = YES;
				INFOPLIST_FILE = "iOS-Avanzado-Dbz/Supporting Files/Info.plist";
				INFOPLIST_KEY_UIApplicationSupportsIndirectInputEvents = YES;
				INFOPLIST_KEY_UILaunchStoryboardName = LaunchScreen;
				INFOPLIST_KEY_UISupportedInterfaceOrientations_iPad = "UIInterfaceOrientationPortrait UIInterfaceOrientationPortraitUpsideDown UIInterfaceOrientationLandscapeLeft UIInterfaceOrientationLandscapeRight";
				INFOPLIST_KEY_UISupportedInterfaceOrientations_iPhone = "UIInterfaceOrientationPortrait UIInterfaceOrientationLandscapeLeft UIInterfaceOrientationLandscapeRight";
				LD_RUNPATH_SEARCH_PATHS = (
					"$(inherited)",
					"@executable_path/Frameworks",
				);
				MARKETING_VERSION = 1.0;
				PRODUCT_BUNDLE_IDENTIFIER = "com.kevinhe.iOS-Avanzado-Dbz";
				PRODUCT_NAME = "$(TARGET_NAME)";
				SUPPORTED_PLATFORMS = "iphoneos iphonesimulator";
				SUPPORTS_MACCATALYST = NO;
				SUPPORTS_MAC_DESIGNED_FOR_IPHONE_IPAD = NO;
				SUPPORTS_XR_DESIGNED_FOR_IPHONE_IPAD = NO;
				SWIFT_EMIT_LOC_STRINGS = YES;
				SWIFT_VERSION = 5.0;
				TARGETED_DEVICE_FAMILY = "1,2";
			};
			name = Debug;
		};
		C9B603002CC427410039E6CE /* Release */ = {
			isa = XCBuildConfiguration;
			buildSettings = {
				ASSETCATALOG_COMPILER_APPICON_NAME = AppIcon;
				ASSETCATALOG_COMPILER_GLOBAL_ACCENT_COLOR_NAME = AccentColor;
				CODE_SIGN_STYLE = Automatic;
				CURRENT_PROJECT_VERSION = 1;
				DEVELOPMENT_TEAM = F7BUD43D47;
				GENERATE_INFOPLIST_FILE = YES;
				INFOPLIST_FILE = "iOS-Avanzado-Dbz/Supporting Files/Info.plist";
				INFOPLIST_KEY_UIApplicationSupportsIndirectInputEvents = YES;
				INFOPLIST_KEY_UILaunchStoryboardName = LaunchScreen;
				INFOPLIST_KEY_UISupportedInterfaceOrientations_iPad = "UIInterfaceOrientationPortrait UIInterfaceOrientationPortraitUpsideDown UIInterfaceOrientationLandscapeLeft UIInterfaceOrientationLandscapeRight";
				INFOPLIST_KEY_UISupportedInterfaceOrientations_iPhone = "UIInterfaceOrientationPortrait UIInterfaceOrientationLandscapeLeft UIInterfaceOrientationLandscapeRight";
				LD_RUNPATH_SEARCH_PATHS = (
					"$(inherited)",
					"@executable_path/Frameworks",
				);
				MARKETING_VERSION = 1.0;
				PRODUCT_BUNDLE_IDENTIFIER = "com.kevinhe.iOS-Avanzado-Dbz";
				PRODUCT_NAME = "$(TARGET_NAME)";
				SUPPORTED_PLATFORMS = "iphoneos iphonesimulator";
				SUPPORTS_MACCATALYST = NO;
				SUPPORTS_MAC_DESIGNED_FOR_IPHONE_IPAD = NO;
				SUPPORTS_XR_DESIGNED_FOR_IPHONE_IPAD = NO;
				SWIFT_EMIT_LOC_STRINGS = YES;
				SWIFT_VERSION = 5.0;
				TARGETED_DEVICE_FAMILY = "1,2";
			};
			name = Release;
		};
		C9B603012CC427410039E6CE /* Debug */ = {
			isa = XCBuildConfiguration;
			buildSettings = {
				ALWAYS_SEARCH_USER_PATHS = NO;
				ASSETCATALOG_COMPILER_GENERATE_SWIFT_ASSET_SYMBOL_EXTENSIONS = YES;
				CLANG_ANALYZER_NONNULL = YES;
				CLANG_ANALYZER_NUMBER_OBJECT_CONVERSION = YES_AGGRESSIVE;
				CLANG_CXX_LANGUAGE_STANDARD = "gnu++20";
				CLANG_ENABLE_MODULES = YES;
				CLANG_ENABLE_OBJC_ARC = YES;
				CLANG_ENABLE_OBJC_WEAK = YES;
				CLANG_WARN_BLOCK_CAPTURE_AUTORELEASING = YES;
				CLANG_WARN_BOOL_CONVERSION = YES;
				CLANG_WARN_COMMA = YES;
				CLANG_WARN_CONSTANT_CONVERSION = YES;
				CLANG_WARN_DEPRECATED_OBJC_IMPLEMENTATIONS = YES;
				CLANG_WARN_DIRECT_OBJC_ISA_USAGE = YES_ERROR;
				CLANG_WARN_DOCUMENTATION_COMMENTS = YES;
				CLANG_WARN_EMPTY_BODY = YES;
				CLANG_WARN_ENUM_CONVERSION = YES;
				CLANG_WARN_INFINITE_RECURSION = YES;
				CLANG_WARN_INT_CONVERSION = YES;
				CLANG_WARN_NON_LITERAL_NULL_CONVERSION = YES;
				CLANG_WARN_OBJC_IMPLICIT_RETAIN_SELF = YES;
				CLANG_WARN_OBJC_LITERAL_CONVERSION = YES;
				CLANG_WARN_OBJC_ROOT_CLASS = YES_ERROR;
				CLANG_WARN_QUOTED_INCLUDE_IN_FRAMEWORK_HEADER = YES;
				CLANG_WARN_RANGE_LOOP_ANALYSIS = YES;
				CLANG_WARN_STRICT_PROTOTYPES = YES;
				CLANG_WARN_SUSPICIOUS_MOVE = YES;
				CLANG_WARN_UNGUARDED_AVAILABILITY = YES_AGGRESSIVE;
				CLANG_WARN_UNREACHABLE_CODE = YES;
				CLANG_WARN__DUPLICATE_METHOD_MATCH = YES;
				COPY_PHASE_STRIP = NO;
				DEBUG_INFORMATION_FORMAT = dwarf;
				ENABLE_STRICT_OBJC_MSGSEND = YES;
				ENABLE_TESTABILITY = YES;
				ENABLE_USER_SCRIPT_SANDBOXING = YES;
				GCC_C_LANGUAGE_STANDARD = gnu17;
				GCC_DYNAMIC_NO_PIC = NO;
				GCC_NO_COMMON_BLOCKS = YES;
				GCC_OPTIMIZATION_LEVEL = 0;
				GCC_PREPROCESSOR_DEFINITIONS = (
					"DEBUG=1",
					"$(inherited)",
				);
				GCC_WARN_64_TO_32_BIT_CONVERSION = YES;
				GCC_WARN_ABOUT_RETURN_TYPE = YES_ERROR;
				GCC_WARN_UNDECLARED_SELECTOR = YES;
				GCC_WARN_UNINITIALIZED_AUTOS = YES_AGGRESSIVE;
				GCC_WARN_UNUSED_FUNCTION = YES;
				GCC_WARN_UNUSED_VARIABLE = YES;
				IPHONEOS_DEPLOYMENT_TARGET = 18.0;
				LOCALIZATION_PREFERS_STRING_CATALOGS = YES;
				MTL_ENABLE_DEBUG_INFO = INCLUDE_SOURCE;
				MTL_FAST_MATH = YES;
				ONLY_ACTIVE_ARCH = YES;
				SDKROOT = iphoneos;
				SWIFT_ACTIVE_COMPILATION_CONDITIONS = "DEBUG $(inherited)";
				SWIFT_OPTIMIZATION_LEVEL = "-Onone";
			};
			name = Debug;
		};
		C9B603022CC427410039E6CE /* Release */ = {
			isa = XCBuildConfiguration;
			buildSettings = {
				ALWAYS_SEARCH_USER_PATHS = NO;
				ASSETCATALOG_COMPILER_GENERATE_SWIFT_ASSET_SYMBOL_EXTENSIONS = YES;
				CLANG_ANALYZER_NONNULL = YES;
				CLANG_ANALYZER_NUMBER_OBJECT_CONVERSION = YES_AGGRESSIVE;
				CLANG_CXX_LANGUAGE_STANDARD = "gnu++20";
				CLANG_ENABLE_MODULES = YES;
				CLANG_ENABLE_OBJC_ARC = YES;
				CLANG_ENABLE_OBJC_WEAK = YES;
				CLANG_WARN_BLOCK_CAPTURE_AUTORELEASING = YES;
				CLANG_WARN_BOOL_CONVERSION = YES;
				CLANG_WARN_COMMA = YES;
				CLANG_WARN_CONSTANT_CONVERSION = YES;
				CLANG_WARN_DEPRECATED_OBJC_IMPLEMENTATIONS = YES;
				CLANG_WARN_DIRECT_OBJC_ISA_USAGE = YES_ERROR;
				CLANG_WARN_DOCUMENTATION_COMMENTS = YES;
				CLANG_WARN_EMPTY_BODY = YES;
				CLANG_WARN_ENUM_CONVERSION = YES;
				CLANG_WARN_INFINITE_RECURSION = YES;
				CLANG_WARN_INT_CONVERSION = YES;
				CLANG_WARN_NON_LITERAL_NULL_CONVERSION = YES;
				CLANG_WARN_OBJC_IMPLICIT_RETAIN_SELF = YES;
				CLANG_WARN_OBJC_LITERAL_CONVERSION = YES;
				CLANG_WARN_OBJC_ROOT_CLASS = YES_ERROR;
				CLANG_WARN_QUOTED_INCLUDE_IN_FRAMEWORK_HEADER = YES;
				CLANG_WARN_RANGE_LOOP_ANALYSIS = YES;
				CLANG_WARN_STRICT_PROTOTYPES = YES;
				CLANG_WARN_SUSPICIOUS_MOVE = YES;
				CLANG_WARN_UNGUARDED_AVAILABILITY = YES_AGGRESSIVE;
				CLANG_WARN_UNREACHABLE_CODE = YES;
				CLANG_WARN__DUPLICATE_METHOD_MATCH = YES;
				COPY_PHASE_STRIP = NO;
				DEBUG_INFORMATION_FORMAT = "dwarf-with-dsym";
				ENABLE_NS_ASSERTIONS = NO;
				ENABLE_STRICT_OBJC_MSGSEND = YES;
				ENABLE_USER_SCRIPT_SANDBOXING = YES;
				GCC_C_LANGUAGE_STANDARD = gnu17;
				GCC_NO_COMMON_BLOCKS = YES;
				GCC_WARN_64_TO_32_BIT_CONVERSION = YES;
				GCC_WARN_ABOUT_RETURN_TYPE = YES_ERROR;
				GCC_WARN_UNDECLARED_SELECTOR = YES;
				GCC_WARN_UNINITIALIZED_AUTOS = YES_AGGRESSIVE;
				GCC_WARN_UNUSED_FUNCTION = YES;
				GCC_WARN_UNUSED_VARIABLE = YES;
				IPHONEOS_DEPLOYMENT_TARGET = 18.0;
				LOCALIZATION_PREFERS_STRING_CATALOGS = YES;
				MTL_ENABLE_DEBUG_INFO = NO;
				MTL_FAST_MATH = YES;
				SDKROOT = iphoneos;
				SWIFT_COMPILATION_MODE = wholemodule;
				VALIDATE_PRODUCT = YES;
			};
			name = Release;
		};
		C9B603042CC427410039E6CE /* Debug */ = {
			isa = XCBuildConfiguration;
			buildSettings = {
				BUNDLE_LOADER = "$(TEST_HOST)";
				CODE_SIGN_STYLE = Automatic;
				CURRENT_PROJECT_VERSION = 1;
				DEVELOPMENT_TEAM = F7BUD43D47;
				GENERATE_INFOPLIST_FILE = YES;
				IPHONEOS_DEPLOYMENT_TARGET = 18.0;
				MARKETING_VERSION = 1.0;
				PRODUCT_BUNDLE_IDENTIFIER = "com.kevinhe.iOS-Avanzado-DbzTests";
				PRODUCT_NAME = "$(TARGET_NAME)";
				SUPPORTED_PLATFORMS = "iphoneos iphonesimulator";
				SUPPORTS_MACCATALYST = NO;
				SUPPORTS_MAC_DESIGNED_FOR_IPHONE_IPAD = NO;
				SUPPORTS_XR_DESIGNED_FOR_IPHONE_IPAD = NO;
				SWIFT_EMIT_LOC_STRINGS = NO;
				SWIFT_VERSION = 5.0;
				TARGETED_DEVICE_FAMILY = "1,2";
				TEST_HOST = "$(BUILT_PRODUCTS_DIR)/iOS-Avanzado-Dbz.app/$(BUNDLE_EXECUTABLE_FOLDER_PATH)/iOS-Avanzado-Dbz";
			};
			name = Debug;
		};
		C9B603052CC427410039E6CE /* Release */ = {
			isa = XCBuildConfiguration;
			buildSettings = {
				BUNDLE_LOADER = "$(TEST_HOST)";
				CODE_SIGN_STYLE = Automatic;
				CURRENT_PROJECT_VERSION = 1;
				DEVELOPMENT_TEAM = F7BUD43D47;
				GENERATE_INFOPLIST_FILE = YES;
				IPHONEOS_DEPLOYMENT_TARGET = 18.0;
				MARKETING_VERSION = 1.0;
				PRODUCT_BUNDLE_IDENTIFIER = "com.kevinhe.iOS-Avanzado-DbzTests";
				PRODUCT_NAME = "$(TARGET_NAME)";
				SUPPORTED_PLATFORMS = "iphoneos iphonesimulator";
				SUPPORTS_MACCATALYST = NO;
				SUPPORTS_MAC_DESIGNED_FOR_IPHONE_IPAD = NO;
				SUPPORTS_XR_DESIGNED_FOR_IPHONE_IPAD = NO;
				SWIFT_EMIT_LOC_STRINGS = NO;
				SWIFT_VERSION = 5.0;
				TARGETED_DEVICE_FAMILY = "1,2";
				TEST_HOST = "$(BUILT_PRODUCTS_DIR)/iOS-Avanzado-Dbz.app/$(BUNDLE_EXECUTABLE_FOLDER_PATH)/iOS-Avanzado-Dbz";
			};
			name = Release;
		};
		C9B603072CC427410039E6CE /* Debug */ = {
			isa = XCBuildConfiguration;
			buildSettings = {
				CODE_SIGN_STYLE = Automatic;
				CURRENT_PROJECT_VERSION = 1;
				DEVELOPMENT_TEAM = F7BUD43D47;
				GENERATE_INFOPLIST_FILE = YES;
				MARKETING_VERSION = 1.0;
				PRODUCT_BUNDLE_IDENTIFIER = "com.kevinhe.iOS-Avanzado-DbzUITests";
				PRODUCT_NAME = "$(TARGET_NAME)";
				SUPPORTED_PLATFORMS = "iphoneos iphonesimulator";
				SUPPORTS_MACCATALYST = NO;
				SUPPORTS_MAC_DESIGNED_FOR_IPHONE_IPAD = NO;
				SUPPORTS_XR_DESIGNED_FOR_IPHONE_IPAD = NO;
				SWIFT_EMIT_LOC_STRINGS = NO;
				SWIFT_VERSION = 5.0;
				TARGETED_DEVICE_FAMILY = "1,2";
				TEST_TARGET_NAME = "iOS-Avanzado-Dbz";
			};
			name = Debug;
		};
		C9B603082CC427410039E6CE /* Release */ = {
			isa = XCBuildConfiguration;
			buildSettings = {
				CODE_SIGN_STYLE = Automatic;
				CURRENT_PROJECT_VERSION = 1;
				DEVELOPMENT_TEAM = F7BUD43D47;
				GENERATE_INFOPLIST_FILE = YES;
				MARKETING_VERSION = 1.0;
				PRODUCT_BUNDLE_IDENTIFIER = "com.kevinhe.iOS-Avanzado-DbzUITests";
				PRODUCT_NAME = "$(TARGET_NAME)";
				SUPPORTED_PLATFORMS = "iphoneos iphonesimulator";
				SUPPORTS_MACCATALYST = NO;
				SUPPORTS_MAC_DESIGNED_FOR_IPHONE_IPAD = NO;
				SUPPORTS_XR_DESIGNED_FOR_IPHONE_IPAD = NO;
				SWIFT_EMIT_LOC_STRINGS = NO;
				SWIFT_VERSION = 5.0;
				TARGETED_DEVICE_FAMILY = "1,2";
				TEST_TARGET_NAME = "iOS-Avanzado-Dbz";
			};
			name = Release;
		};
/* End XCBuildConfiguration section */

/* Begin XCConfigurationList section */
		C9B602D02CC427400039E6CE /* Build configuration list for PBXProject "iOS-Avanzado-Dbz" */ = {
			isa = XCConfigurationList;
			buildConfigurations = (
				C9B603012CC427410039E6CE /* Debug */,
				C9B603022CC427410039E6CE /* Release */,
			);
			defaultConfigurationIsVisible = 0;
			defaultConfigurationName = Release;
		};
		C9B602FE2CC427410039E6CE /* Build configuration list for PBXNativeTarget "iOS-Avanzado-Dbz" */ = {
			isa = XCConfigurationList;
			buildConfigurations = (
				C9B602FF2CC427410039E6CE /* Debug */,
				C9B603002CC427410039E6CE /* Release */,
			);
			defaultConfigurationIsVisible = 0;
			defaultConfigurationName = Release;
		};
		C9B603032CC427410039E6CE /* Build configuration list for PBXNativeTarget "iOS-Avanzado-DbzTests" */ = {
			isa = XCConfigurationList;
			buildConfigurations = (
				C9B603042CC427410039E6CE /* Debug */,
				C9B603052CC427410039E6CE /* Release */,
			);
			defaultConfigurationIsVisible = 0;
			defaultConfigurationName = Release;
		};
		C9B603062CC427410039E6CE /* Build configuration list for PBXNativeTarget "iOS-Avanzado-DbzUITests" */ = {
			isa = XCConfigurationList;
			buildConfigurations = (
				C9B603072CC427410039E6CE /* Debug */,
				C9B603082CC427410039E6CE /* Release */,
			);
			defaultConfigurationIsVisible = 0;
			defaultConfigurationName = Release;
		};
/* End XCConfigurationList section */

/* Begin XCRemoteSwiftPackageReference section */
		C9ECA01D2CC8319B00D823BC /* XCRemoteSwiftPackageReference "keychain-swift" */ = {
			isa = XCRemoteSwiftPackageReference;
			repositoryURL = "https://github.com/evgenyneu/keychain-swift.git";
			requirement = {
				kind = upToNextMajorVersion;
				minimumVersion = 24.0.0;
			};
		};
/* End XCRemoteSwiftPackageReference section */

/* Begin XCSwiftPackageProductDependency section */
		C9ECA01E2CC8319B00D823BC /* KeychainSwift */ = {
			isa = XCSwiftPackageProductDependency;
			package = C9ECA01D2CC8319B00D823BC /* XCRemoteSwiftPackageReference "keychain-swift" */;
			productName = KeychainSwift;
		};
/* End XCSwiftPackageProductDependency section */

/* Begin XCVersionGroup section */
		C9711E8D2CC9683500FB479D /* Model.xcdatamodeld */ = {
			isa = XCVersionGroup;
			children = (
				C9C34FA62CCADC2700CA1E2D /* Model 2.xcdatamodel */,
				C9711EC32CC9683500FB479D /* Model.xcdatamodel */,
			);
			currentVersion = C9C34FA62CCADC2700CA1E2D /* Model 2.xcdatamodel */;
			path = Model.xcdatamodeld;
			sourceTree = "<group>";
			versionGroupType = wrapper.xcdatamodel;
		};
/* End XCVersionGroup section */
	};
	rootObject = C9B602CD2CC427400039E6CE /* Project object */;
}
